
Microsoft Visual Studio Solution File, Format Version 12.00
# Visual Studio Version 17
VisualStudioVersion = 17.9.34714.143
MinimumVisualStudioVersion = 10.0.40219.1
Project("{FAE04EC0-301F-11D3-BF4B-00C04F79EFBC}") = "GitManager", "GitManager\GitManager.csproj", "{9AB6607D-03DA-492B-B163-632CDCDDCC0A}"
EndProject
Project("{FAE04EC0-301F-11D3-BF4B-00C04F79EFBC}") = "GitAPI", "GitAPI\GitAPI.csproj", "{B956F566-35B4-4BAB-BB98-95DDA718A3B2}"
EndProject
Global
	GlobalSection(SolutionConfigurationPlatforms) = preSolution
		Debug|Any CPU = Debug|Any CPU
		Release|Any CPU = Release|Any CPU
	EndGlobalSection
	GlobalSection(ProjectConfigurationPlatforms) = postSolution
		{9AB6607D-03DA-492B-B163-632CDCDDCC0A}.Debug|Any CPU.ActiveCfg = Debug|Any CPU
		{9AB6607D-03DA-492B-B163-632CDCDDCC0A}.Debug|Any CPU.Build.0 = Debug|Any CPU
		{9AB6607D-03DA-492B-B163-632CDCDDCC0A}.Release|Any CPU.ActiveCfg = Release|Any CPU
		{9AB6607D-03DA-492B-B163-632CDCDDCC0A}.Release|Any CPU.Build.0 = Release|Any CPU
		{B956F566-35B4-4BAB-BB98-95DDA718A3B2}.Debug|Any CPU.ActiveCfg = Debug|Any CPU
		{B956F566-35B4-4BAB-BB98-95DDA718A3B2}.Debug|Any CPU.Build.0 = Debug|Any CPU
		{B956F566-35B4-4BAB-BB98-95DDA718A3B2}.Release|Any CPU.ActiveCfg = Release|Any CPU
		{B956F566-35B4-4BAB-BB98-95DDA718A3B2}.Release|Any CPU.Build.0 = Release|Any CPU
	EndGlobalSection
	GlobalSection(SolutionProperties) = preSolution
		HideSolutionNode = FALSE
	EndGlobalSection
	GlobalSection(ExtensibilityGlobals) = postSolution
		SolutionGuid = {41CFBE60-EBA6-4180-B9AB-33C1340D48CF}
	EndGlobalSection
EndGlobal
